<?xml version="1.0" encoding="utf-8"?>
<Project ToolsVersion="4.0" xmlns="http://schemas.microsoft.com/developer/msbuild/2003">
  <ItemGroup>
    <Filter Include="Header">
      <UniqueIdentifier>{c2570c5a-9478-4c23-91c3-ae59956786d6}</UniqueIdentifier>
    </Filter>
    <Filter Include="Source">
      <UniqueIdentifier>{9a83ad08-b5d6-4153-b259-f103fc4b08d9}</UniqueIdentifier>
    </Filter>
    <Filter Include="Header\SimpleAudioLib">
      <UniqueIdentifier>{37e50125-185c-4955-aa6c-99c8bf8038cd}</UniqueIdentifier>
    </Filter>
  </ItemGroup>
  <ItemGroup>
    <ClInclude Include="Header\SimpleAudioLib\AudioEntity.h">
      <Filter>Header\SimpleAudioLib</Filter>
    </ClInclude>
    <ClInclude Include="Header\SimpleAudioLib\BaseMessageException.h">
      <Filter>Header\SimpleAudioLib</Filter>
    </ClInclude>
    <ClInclude Include="Header\SimpleAudioLib\CoreSystem.h">
      <Filter>Header\SimpleAudioLib</Filter>
    </ClInclude>
    <ClInclude Include="Header\SimpleAudioLib\CorruptedFileException.h">
      <Filter>Header\SimpleAudioLib</Filter>
    </ClInclude>
    <ClInclude Include="Header\SimpleAudioLib\InvalidPathException.h">
      <Filter>Header\SimpleAudioLib</Filter>
    </ClInclude>
    <ClInclude Include="Header\SimpleAudioLib\NoContextException.h">
      <Filter>Header\SimpleAudioLib</Filter>
    </ClInclude>
    <ClInclude Include="Header\SimpleAudioLib\NoDeviceException.h">
      <Filter>Header\SimpleAudioLib</Filter>
    </ClInclude>
  </ItemGroup>
  <ItemGroup>
    <ClCompile Include="Source\AudioEntity.cpp">
      <Filter>Source</Filter>
    </ClCompile>
    <ClCompile Include="Source\BaseMessageException.cpp">
      <Filter>Source</Filter>
    </ClCompile>
    <ClCompile Include="Source\CoreSystem.cpp">
      <Filter>Source</Filter>
    </ClCompile>
  </ItemGroup>
</Project>